
Microsoft Visual Studio Solution File, Format Version 12.00
# Visual Studio Version 16
VisualStudioVersion = 16.0.30804.86
MinimumVisualStudioVersion = 10.0.40219.1
Project("{9A19103F-16F7-4668-BE54-9A1E7A4F7556}") = "CalculatorAPI", "CalculatorAPI\CalculatorAPI.csproj", "{02AE2668-EB20-45FD-979B-C99B9D808868}"
EndProject
Project("{FAE04EC0-301F-11D3-BF4B-00C04F79EFBC}") = "CalculatorTest", "CalculatorProject\CalculatorTest.csproj", "{3A57469A-85DC-4E5F-AC4C-89332452C5A3}"
EndProject
Global
	GlobalSection(SolutionConfigurationPlatforms) = preSolution
		Debug|Any CPU = Debug|Any CPU
		Release|Any CPU = Release|Any CPU
	EndGlobalSection
	GlobalSection(ProjectConfigurationPlatforms) = postSolution
		{02AE2668-EB20-45FD-979B-C99B9D808868}.Debug|Any CPU.ActiveCfg = Debug|Any CPU
		{02AE2668-EB20-45FD-979B-C99B9D808868}.Debug|Any CPU.Build.0 = Debug|Any CPU
		{02AE2668-EB20-45FD-979B-C99B9D808868}.Release|Any CPU.ActiveCfg = Release|Any CPU
		{02AE2668-EB20-45FD-979B-C99B9D808868}.Release|Any CPU.Build.0 = Release|Any CPU
		{3A57469A-85DC-4E5F-AC4C-89332452C5A3}.Debug|Any CPU.ActiveCfg = Debug|Any CPU
		{3A57469A-85DC-4E5F-AC4C-89332452C5A3}.Debug|Any CPU.Build.0 = Debug|Any CPU
		{3A57469A-85DC-4E5F-AC4C-89332452C5A3}.Release|Any CPU.ActiveCfg = Release|Any CPU
		{3A57469A-85DC-4E5F-AC4C-89332452C5A3}.Release|Any CPU.Build.0 = Release|Any CPU
	EndGlobalSection
	GlobalSection(SolutionProperties) = preSolution
		HideSolutionNode = FALSE
	EndGlobalSection
	GlobalSection(ExtensibilityGlobals) = postSolution
		SolutionGuid = {D7DE3FDD-E4AF-4FDC-AA89-6A29C7D72D66}
	EndGlobalSection
EndGlobal
